
Microsoft Visual Studio Solution File, Format Version 12.00
# Visual Studio Version 16
VisualStudioVersion = 16.0.31112.23
MinimumVisualStudioVersion = 10.0.40219.1
Project("{FAE04EC0-301F-11D3-BF4B-00C04F79EFBC}") = "EmployeePayrollProblem", "EmployeePayrollProblem\EmployeePayrollProblem.csproj", "{AA98A0CC-C38E-4586-9EAD-4E7593C9F1D4}"
EndProject
Project("{FAE04EC0-301F-11D3-BF4B-00C04F79EFBC}") = "EmployeePayrollProblemTest", "EmployeePayrollProblemTest\EmployeePayrollProblemTest.csproj", "{251FCA8E-EB9C-4BA6-BEEB-034427890B20}"
EndProject
Global
	GlobalSection(SolutionConfigurationPlatforms) = preSolution
		Debug|Any CPU = Debug|Any CPU
		Release|Any CPU = Release|Any CPU
	EndGlobalSection
	GlobalSection(ProjectConfigurationPlatforms) = postSolution
		{AA98A0CC-C38E-4586-9EAD-4E7593C9F1D4}.Debug|Any CPU.ActiveCfg = Debug|Any CPU
		{AA98A0CC-C38E-4586-9EAD-4E7593C9F1D4}.Debug|Any CPU.Build.0 = Debug|Any CPU
		{AA98A0CC-C38E-4586-9EAD-4E7593C9F1D4}.Release|Any CPU.ActiveCfg = Release|Any CPU
		{AA98A0CC-C38E-4586-9EAD-4E7593C9F1D4}.Release|Any CPU.Build.0 = Release|Any CPU
		{251FCA8E-EB9C-4BA6-BEEB-034427890B20}.Debug|Any CPU.ActiveCfg = Debug|Any CPU
		{251FCA8E-EB9C-4BA6-BEEB-034427890B20}.Debug|Any CPU.Build.0 = Debug|Any CPU
		{251FCA8E-EB9C-4BA6-BEEB-034427890B20}.Release|Any CPU.ActiveCfg = Release|Any CPU
		{251FCA8E-EB9C-4BA6-BEEB-034427890B20}.Release|Any CPU.Build.0 = Release|Any CPU
	EndGlobalSection
	GlobalSection(SolutionProperties) = preSolution
		HideSolutionNode = FALSE
	EndGlobalSection
	GlobalSection(ExtensibilityGlobals) = postSolution
		SolutionGuid = {7A09A84C-09F3-4F86-80DB-E8B978B8631F}
	EndGlobalSection
EndGlobal
